
Microsoft Visual Studio Solution File, Format Version 12.00
# Visual Studio Version 16
VisualStudioVersion = 16.0.32602.291
MinimumVisualStudioVersion = 10.0.40219.1
Project("{FAE04EC0-301F-11D3-BF4B-00C04F79EFBC}") = "GFAPI", "GFAPI\GFAPI.csproj", "{5AB1D76D-1747-4CA6-9875-8D78A609C7FB}"
EndProject
Project("{FAE04EC0-301F-11D3-BF4B-00C04F79EFBC}") = "DAL.GF", "DAL.GF\DAL.GF.csproj", "{4BEC1B03-1FFF-48BB-85BD-04D7C214878C}"
EndProject
Project("{FAE04EC0-301F-11D3-BF4B-00C04F79EFBC}") = "BLL.GF", "BLL.GF\BLL.GF.csproj", "{546B2688-C585-4025-908C-51641DDF0AB3}"
EndProject
Global
	GlobalSection(SolutionConfigurationPlatforms) = preSolution
		Debug|Any CPU = Debug|Any CPU
		Release|Any CPU = Release|Any CPU
	EndGlobalSection
	GlobalSection(ProjectConfigurationPlatforms) = postSolution
		{5AB1D76D-1747-4CA6-9875-8D78A609C7FB}.Debug|Any CPU.ActiveCfg = Debug|Any CPU
		{5AB1D76D-1747-4CA6-9875-8D78A609C7FB}.Debug|Any CPU.Build.0 = Debug|Any CPU
		{5AB1D76D-1747-4CA6-9875-8D78A609C7FB}.Release|Any CPU.ActiveCfg = Release|Any CPU
		{5AB1D76D-1747-4CA6-9875-8D78A609C7FB}.Release|Any CPU.Build.0 = Release|Any CPU
		{4BEC1B03-1FFF-48BB-85BD-04D7C214878C}.Debug|Any CPU.ActiveCfg = Debug|Any CPU
		{4BEC1B03-1FFF-48BB-85BD-04D7C214878C}.Debug|Any CPU.Build.0 = Debug|Any CPU
		{4BEC1B03-1FFF-48BB-85BD-04D7C214878C}.Release|Any CPU.ActiveCfg = Release|Any CPU
		{4BEC1B03-1FFF-48BB-85BD-04D7C214878C}.Release|Any CPU.Build.0 = Release|Any CPU
		{546B2688-C585-4025-908C-51641DDF0AB3}.Debug|Any CPU.ActiveCfg = Debug|Any CPU
		{546B2688-C585-4025-908C-51641DDF0AB3}.Debug|Any CPU.Build.0 = Debug|Any CPU
		{546B2688-C585-4025-908C-51641DDF0AB3}.Release|Any CPU.ActiveCfg = Release|Any CPU
		{546B2688-C585-4025-908C-51641DDF0AB3}.Release|Any CPU.Build.0 = Release|Any CPU
	EndGlobalSection
	GlobalSection(SolutionProperties) = preSolution
		HideSolutionNode = FALSE
	EndGlobalSection
	GlobalSection(ExtensibilityGlobals) = postSolution
		SolutionGuid = {327F7A43-AD0F-4F45-BFCC-5B0967173582}
	EndGlobalSection
EndGlobal
